{
    "_readme": [
        "This file locks the dependencies of your project to a known state",
        "Read more about it at http://getcomposer.org/doc/01-basic-usage.md#composer-lock-the-lock-file",
        "This file is @generated automatically"
    ],
    "hash": "58299db5e4ff2be996f90717543c4b54",
    "packages": [
        {
            "name": "2nova/helper-ip",
            "version": "dev-master",
            "source": {
                "type": "git",
                "url": "https://github.com/2nova/helper-ip.git",
                "reference": "01698f52e127c3e17fd02e2435c291204a5459d0"
            },
            "dist": {
                "type": "zip",
                "url": "https://api.github.com/repos/2nova/helper-ip/zipball/01698f52e127c3e17fd02e2435c291204a5459d0",
                "reference": "01698f52e127c3e17fd02e2435c291204a5459d0",
                "shasum": ""
            },
            "require": {
                "php": ">=5.3.0"
            },
            "type": "library",
            "autoload": {
                "psr-0": {
                    "Novanova\\Helpers": "src/"
                }
            },
            "notification-url": "https://packagist.org/downloads/",
            "license": [
                "MIT"
            ],
            "authors": [
                {
                    "name": "Ivan Nikitin",
                    "email": "vantoozz@gmail.com"
                }
            ],
            "description": "IP Helper",
            "keywords": [
                "IP",
                "helper"
            ],
            "time": "2014-03-26 10:02:12"
        },
        {
            "name": "components/jquery",
            "version": "dev-master",
            "source": {
                "type": "git",
                "url": "https://github.com/components/jquery.git",
                "reference": "f8edb647d1833fd5d57410ab70860f03534cb2e8"
            },
            "dist": {
                "type": "zip",
                "url": "https://api.github.com/repos/components/jquery/zipball/f8edb647d1833fd5d57410ab70860f03534cb2e8",
                "reference": "f8edb647d1833fd5d57410ab70860f03534cb2e8",
                "shasum": ""
            },
            "type": "component",
            "extra": {
                "component": {
                    "scripts": [
                        "jquery.js"
                    ],
                    "files": [
                        "jquery.min.js",
                        "jquery.min.map",
                        "jquery-migrate.js",
                        "jquery-migrate.min.js"
                    ]
                }
            },
            "notification-url": "https://packagist.org/downloads/",
            "license": [
                "MIT"
            ],
            "authors": [
                {
                    "name": "John Resig",
                    "email": "jeresig@gmail.com"
                }
            ],
            "description": "jQuery JavaScript Library",
            "homepage": "http://jquery.com",
            "time": "2014-12-23 06:48:45"
        }
    ],
    "packages-dev": [],
    "aliases": [],
    "minimum-stability": "stable",
    "stability-flags": {
        "components/jquery": 20,
        "2nova/helper-ip": 20
    },
    "prefer-stable": false,
    "prefer-lowest": false,
    "platform": {
        "php": ">=5.3.0"
    },
    "platform-dev": []
}
